
Microsoft Visual Studio Solution File, Format Version 12.00
# Visual Studio Version 17
VisualStudioVersion = 17.14.36623.8
MinimumVisualStudioVersion = 10.0.40219.1
Project("{FAE04EC0-301F-11D3-BF4B-00C04F79EFBC}") = "Ch04MovieListDahlstrom", "Ch04MovieListDahlstrom\Ch04MovieListDahlstrom.csproj", "{8613A981-C33D-4E41-A904-7015FF8E1D30}"
EndProject
Project("{FAE04EC0-301F-11D3-BF4B-00C04F79EFBC}") = "Ch04MovieListDahlstrom.Tests", "Ch04MovieListDahlstrom.Tests\Ch04MovieListDahlstrom.Tests.csproj", "{B3412F27-8816-486E-BAA2-7D6CEE77687C}"
EndProject
Global
	GlobalSection(SolutionConfigurationPlatforms) = preSolution
		Debug|Any CPU = Debug|Any CPU
		Release|Any CPU = Release|Any CPU
	EndGlobalSection
	GlobalSection(ProjectConfigurationPlatforms) = postSolution
		{8613A981-C33D-4E41-A904-7015FF8E1D30}.Debug|Any CPU.ActiveCfg = Debug|Any CPU
		{8613A981-C33D-4E41-A904-7015FF8E1D30}.Debug|Any CPU.Build.0 = Debug|Any CPU
		{8613A981-C33D-4E41-A904-7015FF8E1D30}.Release|Any CPU.ActiveCfg = Release|Any CPU
		{8613A981-C33D-4E41-A904-7015FF8E1D30}.Release|Any CPU.Build.0 = Release|Any CPU
		{B3412F27-8816-486E-BAA2-7D6CEE77687C}.Debug|Any CPU.ActiveCfg = Debug|Any CPU
		{B3412F27-8816-486E-BAA2-7D6CEE77687C}.Debug|Any CPU.Build.0 = Debug|Any CPU
		{B3412F27-8816-486E-BAA2-7D6CEE77687C}.Release|Any CPU.ActiveCfg = Release|Any CPU
		{B3412F27-8816-486E-BAA2-7D6CEE77687C}.Release|Any CPU.Build.0 = Release|Any CPU
	EndGlobalSection
	GlobalSection(SolutionProperties) = preSolution
		HideSolutionNode = FALSE
	EndGlobalSection
	GlobalSection(ExtensibilityGlobals) = postSolution
		SolutionGuid = {CB54C885-AA68-4FA8-B5F7-58B6EB4479D8}
	EndGlobalSection
EndGlobal
