
Microsoft Visual Studio Solution File, Format Version 12.00
# Visual Studio Version 17
VisualStudioVersion = 17.14.36623.8 d17.14
MinimumVisualStudioVersion = 10.0.40219.1
Project("{FAE04EC0-301F-11D3-BF4B-00C04F79EFBC}") = "Ch02FutureValueDahlstrom", "Ch02FutureValueDahlstrom\Ch02FutureValueDahlstrom.csproj", "{D3731E32-BBC4-4E2D-BE7C-8B3BF2647617}"
EndProject
Global
	GlobalSection(SolutionConfigurationPlatforms) = preSolution
		Debug|Any CPU = Debug|Any CPU
		Release|Any CPU = Release|Any CPU
	EndGlobalSection
	GlobalSection(ProjectConfigurationPlatforms) = postSolution
		{D3731E32-BBC4-4E2D-BE7C-8B3BF2647617}.Debug|Any CPU.ActiveCfg = Debug|Any CPU
		{D3731E32-BBC4-4E2D-BE7C-8B3BF2647617}.Debug|Any CPU.Build.0 = Debug|Any CPU
		{D3731E32-BBC4-4E2D-BE7C-8B3BF2647617}.Release|Any CPU.ActiveCfg = Release|Any CPU
		{D3731E32-BBC4-4E2D-BE7C-8B3BF2647617}.Release|Any CPU.Build.0 = Release|Any CPU
	EndGlobalSection
	GlobalSection(SolutionProperties) = preSolution
		HideSolutionNode = FALSE
	EndGlobalSection
	GlobalSection(ExtensibilityGlobals) = postSolution
		SolutionGuid = {9B3E61CC-6853-4C24-996C-0E1B86662783}
	EndGlobalSection
EndGlobal
